
Microsoft Visual Studio Solution File, Format Version 12.00
# Visual Studio 15
VisualStudioVersion = 15.0.28307.757
MinimumVisualStudioVersion = 10.0.40219.1
Project("{FAE04EC0-301F-11D3-BF4B-00C04F79EFBC}") = "Working With File Paths", "Working With File Paths\Working With File Paths.csproj", "{1AF9D735-8BD9-42EF-9045-6610287F54A0}"
EndProject
Global
	GlobalSection(SolutionConfigurationPlatforms) = preSolution
		Debug|Any CPU = Debug|Any CPU
		Release|Any CPU = Release|Any CPU
	EndGlobalSection
	GlobalSection(ProjectConfigurationPlatforms) = postSolution
		{1AF9D735-8BD9-42EF-9045-6610287F54A0}.Debug|Any CPU.ActiveCfg = Debug|Any CPU
		{1AF9D735-8BD9-42EF-9045-6610287F54A0}.Debug|Any CPU.Build.0 = Debug|Any CPU
		{1AF9D735-8BD9-42EF-9045-6610287F54A0}.Release|Any CPU.ActiveCfg = Release|Any CPU
		{1AF9D735-8BD9-42EF-9045-6610287F54A0}.Release|Any CPU.Build.0 = Release|Any CPU
	EndGlobalSection
	GlobalSection(SolutionProperties) = preSolution
		HideSolutionNode = FALSE
	EndGlobalSection
	GlobalSection(ExtensibilityGlobals) = postSolution
		SolutionGuid = {0FE7BD49-2654-4444-9C6B-BE2A0AC69D63}
	EndGlobalSection
EndGlobal
